
Microsoft Visual Studio Solution File, Format Version 12.00
# Visual Studio Version 17
VisualStudioVersion = 17.5.002.0
MinimumVisualStudioVersion = 10.0.40219.1
Project("{9A19103F-16F7-4668-BE54-9A1E7A4F7556}") = "RulesFunction", "RulesFunction.csproj", "{1F5AF1E6-7130-4BE2-8CC0-9E4B84A59540}"
EndProject
Global
	GlobalSection(SolutionConfigurationPlatforms) = preSolution
		Debug|Any CPU = Debug|Any CPU
		Release|Any CPU = Release|Any CPU
	EndGlobalSection
	GlobalSection(ProjectConfigurationPlatforms) = postSolution
		{1F5AF1E6-7130-4BE2-8CC0-9E4B84A59540}.Debug|Any CPU.ActiveCfg = Debug|Any CPU
		{1F5AF1E6-7130-4BE2-8CC0-9E4B84A59540}.Debug|Any CPU.Build.0 = Debug|Any CPU
		{1F5AF1E6-7130-4BE2-8CC0-9E4B84A59540}.Release|Any CPU.ActiveCfg = Release|Any CPU
		{1F5AF1E6-7130-4BE2-8CC0-9E4B84A59540}.Release|Any CPU.Build.0 = Release|Any CPU
	EndGlobalSection
	GlobalSection(SolutionProperties) = preSolution
		HideSolutionNode = FALSE
	EndGlobalSection
	GlobalSection(ExtensibilityGlobals) = postSolution
		SolutionGuid = {65771884-1843-4606-995D-95379623328C}
	EndGlobalSection
EndGlobal
